
Microsoft Visual Studio Solution File, Format Version 12.00
# Visual Studio 15
VisualStudioVersion = 15.0.28307.136
MinimumVisualStudioVersion = 10.0.40219.1
Project("{9A19103F-16F7-4668-BE54-9A1E7A4F7556}") = "ParsiCoin", "ParsiCoin\ParsiCoin.csproj", "{6D0551B1-CCAE-4A0F-8716-D71E78411A56}"
EndProject
Project("{9A19103F-16F7-4668-BE54-9A1E7A4F7556}") = "Base", "Utilities\Base.csproj", "{501B4556-C20B-469F-AA4A-6F95BE785EF8}"
EndProject
Project("{9A19103F-16F7-4668-BE54-9A1E7A4F7556}") = "PVM", "PVM\PVM.csproj", "{09E22EE6-7BC0-4D25-86D9-39C9FE959E4B}"
EndProject
Project("{9A19103F-16F7-4668-BE54-9A1E7A4F7556}") = "CLI", "CLI\CLI.csproj", "{8AF72B6E-59C2-44D7-8C8B-D48F970C6C39}"
EndProject
Project("{9A19103F-16F7-4668-BE54-9A1E7A4F7556}") = "GUI", "GUI\GUI.csproj", "{1DB63ED2-18C3-410A-9AA6-0F74A5A27E1B}"
EndProject
Global
	GlobalSection(SolutionConfigurationPlatforms) = preSolution
		Debug|Any CPU = Debug|Any CPU
		Release|Any CPU = Release|Any CPU
	EndGlobalSection
	GlobalSection(ProjectConfigurationPlatforms) = postSolution
		{6D0551B1-CCAE-4A0F-8716-D71E78411A56}.Debug|Any CPU.ActiveCfg = Debug|Any CPU
		{6D0551B1-CCAE-4A0F-8716-D71E78411A56}.Debug|Any CPU.Build.0 = Debug|Any CPU
		{6D0551B1-CCAE-4A0F-8716-D71E78411A56}.Release|Any CPU.ActiveCfg = Release|Any CPU
		{6D0551B1-CCAE-4A0F-8716-D71E78411A56}.Release|Any CPU.Build.0 = Release|Any CPU
		{501B4556-C20B-469F-AA4A-6F95BE785EF8}.Debug|Any CPU.ActiveCfg = Debug|Any CPU
		{501B4556-C20B-469F-AA4A-6F95BE785EF8}.Debug|Any CPU.Build.0 = Debug|Any CPU
		{501B4556-C20B-469F-AA4A-6F95BE785EF8}.Release|Any CPU.ActiveCfg = Release|Any CPU
		{501B4556-C20B-469F-AA4A-6F95BE785EF8}.Release|Any CPU.Build.0 = Release|Any CPU
		{09E22EE6-7BC0-4D25-86D9-39C9FE959E4B}.Debug|Any CPU.ActiveCfg = Debug|Any CPU
		{09E22EE6-7BC0-4D25-86D9-39C9FE959E4B}.Debug|Any CPU.Build.0 = Debug|Any CPU
		{09E22EE6-7BC0-4D25-86D9-39C9FE959E4B}.Release|Any CPU.ActiveCfg = Release|Any CPU
		{09E22EE6-7BC0-4D25-86D9-39C9FE959E4B}.Release|Any CPU.Build.0 = Release|Any CPU
		{8AF72B6E-59C2-44D7-8C8B-D48F970C6C39}.Debug|Any CPU.ActiveCfg = Debug|Any CPU
		{8AF72B6E-59C2-44D7-8C8B-D48F970C6C39}.Debug|Any CPU.Build.0 = Debug|Any CPU
		{8AF72B6E-59C2-44D7-8C8B-D48F970C6C39}.Release|Any CPU.ActiveCfg = Release|Any CPU
		{8AF72B6E-59C2-44D7-8C8B-D48F970C6C39}.Release|Any CPU.Build.0 = Release|Any CPU
		{1DB63ED2-18C3-410A-9AA6-0F74A5A27E1B}.Debug|Any CPU.ActiveCfg = Debug|Any CPU
		{1DB63ED2-18C3-410A-9AA6-0F74A5A27E1B}.Debug|Any CPU.Build.0 = Debug|Any CPU
		{1DB63ED2-18C3-410A-9AA6-0F74A5A27E1B}.Release|Any CPU.ActiveCfg = Release|Any CPU
		{1DB63ED2-18C3-410A-9AA6-0F74A5A27E1B}.Release|Any CPU.Build.0 = Release|Any CPU
	EndGlobalSection
	GlobalSection(SolutionProperties) = preSolution
		HideSolutionNode = FALSE
	EndGlobalSection
	GlobalSection(ExtensibilityGlobals) = postSolution
		SolutionGuid = {441BD3D7-E14A-490B-9C08-333DF28B306A}
	EndGlobalSection
EndGlobal
